// !$*UTF8*$!
{
	archiveVersion = 1;
	classes = {
	};
	objectVersion = 56;
	objects = {

/* Begin PBXBuildFile section */
		5BB7DE8729CF43F300D485AB /* AppDelegate.swift in Sources */ = {isa = PBXBuildFile; fileRef = 5BB7DE8629CF43F300D485AB /* AppDelegate.swift */; };
		5BB7DE8929CF43F300D485AB /* SceneDelegate.swift in Sources */ = {isa = PBXBuildFile; fileRef = 5BB7DE8829CF43F300D485AB /* SceneDelegate.swift */; };
		5BB7DE8B29CF43F300D485AB /* ViewController.swift in Sources */ = {isa = PBXBuildFile; fileRef = 5BB7DE8A29CF43F300D485AB /* ViewController.swift */; };
		5BB7DE8E29CF43F300D485AB /* Main.storyboard in Resources */ = {isa = PBXBuildFile; fileRef = 5BB7DE8C29CF43F300D485AB /* Main.storyboard */; };
		5BB7DE9029CF43F400D485AB /* Assets.xcassets in Resources */ = {isa = PBXBuildFile; fileRef = 5BB7DE8F29CF43F400D485AB /* Assets.xcassets */; };
		5BB7DE9329CF43F400D485AB /* LaunchScreen.storyboard in Resources */ = {isa = PBXBuildFile; fileRef = 5BB7DE9129CF43F400D485AB /* LaunchScreen.storyboard */; };
		5BB7DE9E29CF43F500D485AB /* calendarTests.swift in Sources */ = {isa = PBXBuildFile; fileRef = 5BB7DE9D29CF43F500D485AB /* calendarTests.swift */; };
		5BB7DEA829CF43F500D485AB /* calendarUITests.swift in Sources */ = {isa = PBXBuildFile; fileRef = 5BB7DEA729CF43F500D485AB /* calendarUITests.swift */; };
		5BB7DEAA29CF43F500D485AB /* calendarUITestsLaunchTests.swift in Sources */ = {isa = PBXBuildFile; fileRef = 5BB7DEA929CF43F500D485AB /* calendarUITestsLaunchTests.swift */; };
/* End PBXBuildFile section */

/* Begin PBXContainerItemProxy section */
		5BB7DE9A29CF43F500D485AB /* PBXContainerItemProxy */ = {
			isa = PBXContainerItemProxy;
			containerPortal = 5BB7DE7B29CF43F300D485AB /* Project object */;
			proxyType = 1;
			remoteGlobalIDString = 5BB7DE8229CF43F300D485AB;
			remoteInfo = calendar;
		};
		5BB7DEA429CF43F500D485AB /* PBXContainerItemProxy */ = {
			isa = PBXContainerItemProxy;
			containerPortal = 5BB7DE7B29CF43F300D485AB /* Project object */;
			proxyType = 1;
			remoteGlobalIDString = 5BB7DE8229CF43F300D485AB;
			remoteInfo = calendar;
		};
/* End PBXContainerItemProxy section */

/* Begin PBXFileReference section */
		5BB7DE8329CF43F300D485AB /* calendar.app */ = {isa = PBXFileReference; explicitFileType = wrapper.application; includeInIndex = 0; path = calendar.app; sourceTree = BUILT_PRODUCTS_DIR; };
		5BB7DE8629CF43F300D485AB /* AppDelegate.swift */ = {isa = PBXFileReference; lastKnownFileType = sourcecode.swift; path = AppDelegate.swift; sourceTree = "<group>"; };
		5BB7DE8829CF43F300D485AB /* SceneDelegate.swift */ = {isa = PBXFileReference; lastKnownFileType = sourcecode.swift; path = SceneDelegate.swift; sourceTree = "<group>"; };
		5BB7DE8A29CF43F300D485AB /* ViewController.swift */ = {isa = PBXFileReference; lastKnownFileType = sourcecode.swift; path = ViewController.swift; sourceTree = "<group>"; };
		5BB7DE8D29CF43F300D485AB /* Base */ = {isa = PBXFileReference; lastKnownFileType = file.storyboard; name = Base; path = Base.lproj/Main.storyboard; sourceTree = "<group>"; };
		5BB7DE8F29CF43F400D485AB /* Assets.xcassets */ = {isa = PBXFileReference; lastKnownFileType = folder.assetcatalog; path = Assets.xcassets; sourceTree = "<group>"; };
		5BB7DE9229CF43F400D485AB /* Base */ = {isa = PBXFileReference; lastKnownFileType = file.storyboard; name = Base; path = Base.lproj/LaunchScreen.storyboard; sourceTree = "<group>"; };
		5BB7DE9429CF43F400D485AB /* Info.plist */ = {isa = PBXFileReference; lastKnownFileType = text.plist.xml; path = Info.plist; sourceTree = "<group>"; };
		5BB7DE9929CF43F500D485AB /* calendarTests.xctest */ = {isa = PBXFileReference; explicitFileType = wrapper.cfbundle; includeInIndex = 0; path = calendarTests.xctest; sourceTree = BUILT_PRODUCTS_DIR; };
		5BB7DE9D29CF43F500D485AB /* calendarTests.swift */ = {isa = PBXFileReference; lastKnownFileType = sourcecode.swift; path = calendarTests.swift; sourceTree = "<group>"; };
		5BB7DEA329CF43F500D485AB /* calendarUITests.xctest */ = {isa = PBXFileReference; explicitFileType = wrapper.cfbundle; includeInIndex = 0; path = calendarUITests.xctest; sourceTree = BUILT_PRODUCTS_DIR; };
		5BB7DEA729CF43F500D485AB /* calendarUITests.swift */ = {isa = PBXFileReference; lastKnownFileType = sourcecode.swift; path = calendarUITests.swift; sourceTree = "<group>"; };
		5BB7DEA929CF43F500D485AB /* calendarUITestsLaunchTests.swift */ = {isa = PBXFileReference; lastKnownFileType = sourcecode.swift; path = calendarUITestsLaunchTests.swift; sourceTree = "<group>"; };
/* End PBXFileReference section */

/* Begin PBXFrameworksBuildPhase section */
		5BB7DE8029CF43F300D485AB /* Frameworks */ = {
			isa = PBXFrameworksBuildPhase;
			buildActionMask = 2147483647;
			files = (
			);
			runOnlyForDeploymentPostprocessing = 0;
		};
		5BB7DE9629CF43F500D485AB /* Frameworks */ = {
			isa = PBXFrameworksBuildPhase;
			buildActionMask = 2147483647;
			files = (
			);
			runOnlyForDeploymentPostprocessing = 0;
		};
		5BB7DEA029CF43F500D485AB /* Frameworks */ = {
			isa = PBXFrameworksBuildPhase;
			buildActionMask = 2147483647;
			files = (
			);
			runOnlyForDeploymentPostprocessing = 0;
		};
/* End PBXFrameworksBuildPhase section */

/* Begin PBXGroup section */
		5BB7DE7A29CF43F300D485AB = {
			isa = PBXGroup;
			children = (
				5BB7DE8529CF43F300D485AB /* calendar */,
				5BB7DE9C29CF43F500D485AB /* calendarTests */,
				5BB7DEA629CF43F500D485AB /* calendarUITests */,
				5BB7DE8429CF43F300D485AB /* Products */,
			);
			sourceTree = "<group>";
		};
		5BB7DE8429CF43F300D485AB /* Products */ = {
			isa = PBXGroup;
			children = (
				5BB7DE8329CF43F300D485AB /* calendar.app */,
				5BB7DE9929CF43F500D485AB /* calendarTests.xctest */,
				5BB7DEA329CF43F500D485AB /* calendarUITests.xctest */,
			);
			name = Products;
			sourceTree = "<group>";
		};
		5BB7DE8529CF43F300D485AB /* calendar */ = {
			isa = PBXGroup;
			children = (
				5BB7DE8629CF43F300D485AB /* AppDelegate.swift */,
				5BB7DE8829CF43F300D485AB /* SceneDelegate.swift */,
				5BB7DE8A29CF43F300D485AB /* ViewController.swift */,
				5BB7DE8C29CF43F300D485AB /* Main.storyboard */,
				5BB7DE8F29CF43F400D485AB /* Assets.xcassets */,
				5BB7DE9129CF43F400D485AB /* LaunchScreen.storyboard */,
				5BB7DE9429CF43F400D485AB /* Info.plist */,
			);
			path = calendar;
			sourceTree = "<group>";
		};
		5BB7DE9C29CF43F500D485AB /* calendarTests */ = {
			isa = PBXGroup;
			children = (
				5BB7DE9D29CF43F500D485AB /* calendarTests.swift */,
			);
			path = calendarTests;
			sourceTree = "<group>";
		};
		5BB7DEA629CF43F500D485AB /* calendarUITests */ = {
			isa = PBXGroup;
			children = (
				5BB7DEA729CF43F500D485AB /* calendarUITests.swift */,
				5BB7DEA929CF43F500D485AB /* calendarUITestsLaunchTests.swift */,
			);
			path = calendarUITests;
			sourceTree = "<group>";
		};
/* End PBXGroup section */

/* Begin PBXNativeTarget section */
		5BB7DE8229CF43F300D485AB /* calendar */ = {
			isa = PBXNativeTarget;
			buildConfigurationList = 5BB7DEAD29CF43F500D485AB /* Build configuration list for PBXNativeTarget "calendar" */;
			buildPhases = (
				5BB7DE7F29CF43F300D485AB /* Sources */,
				5BB7DE8029CF43F300D485AB /* Frameworks */,
				5BB7DE8129CF43F300D485AB /* Resources */,
			);
			buildRules = (
			);
			dependencies = (
			);
			name = calendar;
			productName = calendar;
			productReference = 5BB7DE8329CF43F300D485AB /* calendar.app */;
			productType = "com.apple.product-type.application";
		};
		5BB7DE9829CF43F500D485AB /* calendarTests */ = {
			isa = PBXNativeTarget;
			buildConfigurationList = 5BB7DEB029CF43F500D485AB /* Build configuration list for PBXNativeTarget "calendarTests" */;
			buildPhases = (
				5BB7DE9529CF43F500D485AB /* Sources */,
				5BB7DE9629CF43F500D485AB /* Frameworks */,
				5BB7DE9729CF43F500D485AB /* Resources */,
			);
			buildRules = (
			);
			dependencies = (
				5BB7DE9B29CF43F500D485AB /* PBXTargetDependency */,
			);
			name = calendarTests;
			productName = calendarTests;
			productReference = 5BB7DE9929CF43F500D485AB /* calendarTests.xctest */;
			productType = "com.apple.product-type.bundle.unit-test";
		};
		5BB7DEA229CF43F500D485AB /* calendarUITests */ = {
			isa = PBXNativeTarget;
			buildConfigurationList = 5BB7DEB329CF43F500D485AB /* Build configuration list for PBXNativeTarget "calendarUITests" */;
			buildPhases = (
				5BB7DE9F29CF43F500D485AB /* Sources */,
				5BB7DEA029CF43F500D485AB /* Frameworks */,
				5BB7DEA129CF43F500D485AB /* Resources */,
			);
			buildRules = (
			);
			dependencies = (
				5BB7DEA529CF43F500D485AB /* PBXTargetDependency */,
			);
			name = calendarUITests;
			productName = calendarUITests;
			productReference = 5BB7DEA329CF43F500D485AB /* calendarUITests.xctest */;
			productType = "com.apple.product-type.bundle.ui-testing";
		};
/* End PBXNativeTarget section */

/* Begin PBXProject section */
		5BB7DE7B29CF43F300D485AB /* Project object */ = {
			isa = PBXProject;
			attributes = {
				BuildIndependentTargetsInParallel = 1;
				LastSwiftUpdateCheck = 1420;
				LastUpgradeCheck = 1420;
				TargetAttributes = {
					5BB7DE8229CF43F300D485AB = {
						CreatedOnToolsVersion = 14.2;
					};
					5BB7DE9829CF43F500D485AB = {
						CreatedOnToolsVersion = 14.2;
						TestTargetID = 5BB7DE8229CF43F300D485AB;
					};
					5BB7DEA229CF43F500D485AB = {
						CreatedOnToolsVersion = 14.2;
						TestTargetID = 5BB7DE8229CF43F300D485AB;
					};
				};
			};
			buildConfigurationList = 5BB7DE7E29CF43F300D485AB /* Build configuration list for PBXProject "calendar" */;
			compatibilityVersion = "Xcode 14.0";
			developmentRegion = en;
			hasScannedForEncodings = 0;
			knownRegions = (
				en,
				Base,
			);
			mainGroup = 5BB7DE7A29CF43F300D485AB;
			productRefGroup = 5BB7DE8429CF43F300D485AB /* Products */;
			projectDirPath = "";
			projectRoot = "";
			targets = (
				5BB7DE8229CF43F300D485AB /* calendar */,
				5BB7DE9829CF43F500D485AB /* calendarTests */,
				5BB7DEA229CF43F500D485AB /* calendarUITests */,
			);
		};
/* End PBXProject section */

/* Begin PBXResourcesBuildPhase section */
		5BB7DE8129CF43F300D485AB /* Resources */ = {
			isa = PBXResourcesBuildPhase;
			buildActionMask = 2147483647;
			files = (
				5BB7DE9329CF43F400D485AB /* LaunchScreen.storyboard in Resources */,
				5BB7DE9029CF43F400D485AB /* Assets.xcassets in Resources */,
				5BB7DE8E29CF43F300D485AB /* Main.storyboard in Resources */,
			);
			runOnlyForDeploymentPostprocessing = 0;
		};
		5BB7DE9729CF43F500D485AB /* Resources */ = {
			isa = PBXResourcesBuildPhase;
			buildActionMask = 2147483647;
			files = (
			);
			runOnlyForDeploymentPostprocessing = 0;
		};
		5BB7DEA129CF43F500D485AB /* Resources */ = {
			isa = PBXResourcesBuildPhase;
			buildActionMask = 2147483647;
			files = (
			);
			runOnlyForDeploymentPostprocessing = 0;
		};
/* End PBXResourcesBuildPhase section */

/* Begin PBXSourcesBuildPhase section */
		5BB7DE7F29CF43F300D485AB /* Sources */ = {
			isa = PBXSourcesBuildPhase;
			buildActionMask = 2147483647;
			files = (
				5BB7DE8B29CF43F300D485AB /* ViewController.swift in Sources */,
				5BB7DE8729CF43F300D485AB /* AppDelegate.swift in Sources */,
				5BB7DE8929CF43F300D485AB /* SceneDelegate.swift in Sources */,
			);
			runOnlyForDeploymentPostprocessing = 0;
		};
		5BB7DE9529CF43F500D485AB /* Sources */ = {
			isa = PBXSourcesBuildPhase;
			buildActionMask = 2147483647;
			files = (
				5BB7DE9E29CF43F500D485AB /* calendarTests.swift in Sources */,
			);
			runOnlyForDeploymentPostprocessing = 0;
		};
		5BB7DE9F29CF43F500D485AB /* Sources */ = {
			isa = PBXSourcesBuildPhase;
			buildActionMask = 2147483647;
			files = (
				5BB7DEAA29CF43F500D485AB /* calendarUITestsLaunchTests.swift in Sources */,
				5BB7DEA829CF43F500D485AB /* calendarUITests.swift in Sources */,
			);
			runOnlyForDeploymentPostprocessing = 0;
		};
/* End PBXSourcesBuildPhase section */

/* Begin PBXTargetDependency section */
		5BB7DE9B29CF43F500D485AB /* PBXTargetDependency */ = {
			isa = PBXTargetDependency;
			target = 5BB7DE8229CF43F300D485AB /* calendar */;
			targetProxy = 5BB7DE9A29CF43F500D485AB /* PBXContainerItemProxy */;
		};
		5BB7DEA529CF43F500D485AB /* PBXTargetDependency */ = {
			isa = PBXTargetDependency;
			target = 5BB7DE8229CF43F300D485AB /* calendar */;
			targetProxy = 5BB7DEA429CF43F500D485AB /* PBXContainerItemProxy */;
		};
/* End PBXTargetDependency section */

/* Begin PBXVariantGroup section */
		5BB7DE8C29CF43F300D485AB /* Main.storyboard */ = {
			isa = PBXVariantGroup;
			children = (
				5BB7DE8D29CF43F300D485AB /* Base */,
			);
			name = Main.storyboard;
			sourceTree = "<group>";
		};
		5BB7DE9129CF43F400D485AB /* LaunchScreen.storyboard */ = {
			isa = PBXVariantGroup;
			children = (
				5BB7DE9229CF43F400D485AB /* Base */,
			);
			name = LaunchScreen.storyboard;
			sourceTree = "<group>";
		};
/* End PBXVariantGroup section */

/* Begin XCBuildConfiguration section */
		5BB7DEAB29CF43F500D485AB /* Debug */ = {
			isa = XCBuildConfiguration;
			buildSettings = {
				ALWAYS_SEARCH_USER_PATHS = NO;
				CLANG_ANALYZER_NONNULL = YES;
				CLANG_ANALYZER_NUMBER_OBJECT_CONVERSION = YES_AGGRESSIVE;
				CLANG_CXX_LANGUAGE_STANDARD = "gnu++20";
				CLANG_ENABLE_MODULES = YES;
				CLANG_ENABLE_OBJC_ARC = YES;
				CLANG_ENABLE_OBJC_WEAK = YES;
				CLANG_WARN_BLOCK_CAPTURE_AUTORELEASING = YES;
				CLANG_WARN_BOOL_CONVERSION = YES;
				CLANG_WARN_COMMA = YES;
				CLANG_WARN_CONSTANT_CONVERSION = YES;
				CLANG_WARN_DEPRECATED_OBJC_IMPLEMENTATIONS = YES;
				CLANG_WARN_DIRECT_OBJC_ISA_USAGE = YES_ERROR;
				CLANG_WARN_DOCUMENTATION_COMMENTS = YES;
				CLANG_WARN_EMPTY_BODY = YES;
				CLANG_WARN_ENUM_CONVERSION = YES;
				CLANG_WARN_INFINITE_RECURSION = YES;
				CLANG_WARN_INT_CONVERSION = YES;
				CLANG_WARN_NON_LITERAL_NULL_CONVERSION = YES;
				CLANG_WARN_OBJC_IMPLICIT_RETAIN_SELF = YES;
				CLANG_WARN_OBJC_LITERAL_CONVERSION = YES;
				CLANG_WARN_OBJC_ROOT_CLASS = YES_ERROR;
				CLANG_WARN_QUOTED_INCLUDE_IN_FRAMEWORK_HEADER = YES;
				CLANG_WARN_RANGE_LOOP_ANALYSIS = YES;
				CLANG_WARN_STRICT_PROTOTYPES = YES;
				CLANG_WARN_SUSPICIOUS_MOVE = YES;
				CLANG_WARN_UNGUARDED_AVAILABILITY = YES_AGGRESSIVE;
				CLANG_WARN_UNREACHABLE_CODE = YES;
				CLANG_WARN__DUPLICATE_METHOD_MATCH = YES;
				COPY_PHASE_STRIP = NO;
				DEBUG_INFORMATION_FORMAT = dwarf;
				ENABLE_STRICT_OBJC_MSGSEND = YES;
				ENABLE_TESTABILITY = YES;
				GCC_C_LANGUAGE_STANDARD = gnu11;
				GCC_DYNAMIC_NO_PIC = NO;
				GCC_NO_COMMON_BLOCKS = YES;
				GCC_OPTIMIZATION_LEVEL = 0;
				GCC_PREPROCESSOR_DEFINITIONS = (
					"DEBUG=1",
					"$(inherited)",
				);
				GCC_WARN_64_TO_32_BIT_CONVERSION = YES;
				GCC_WARN_ABOUT_RETURN_TYPE = YES_ERROR;
				GCC_WARN_UNDECLARED_SELECTOR = YES;
				GCC_WARN_UNINITIALIZED_AUTOS = YES_AGGRESSIVE;
				GCC_WARN_UNUSED_FUNCTION = YES;
				GCC_WARN_UNUSED_VARIABLE = YES;
				IPHONEOS_DEPLOYMENT_TARGET = 16.2;
				MTL_ENABLE_DEBUG_INFO = INCLUDE_SOURCE;
				MTL_FAST_MATH = YES;
				ONLY_ACTIVE_ARCH = YES;
				SDKROOT = iphoneos;
				SWIFT_ACTIVE_COMPILATION_CONDITIONS = DEBUG;
				SWIFT_OPTIMIZATION_LEVEL = "-Onone";
			};
			name = Debug;
		};
		5BB7DEAC29CF43F500D485AB /* Release */ = {
			isa = XCBuildConfiguration;
			buildSettings = {
				ALWAYS_SEARCH_USER_PATHS = NO;
				CLANG_ANALYZER_NONNULL = YES;
				CLANG_ANALYZER_NUMBER_OBJECT_CONVERSION = YES_AGGRESSIVE;
				CLANG_CXX_LANGUAGE_STANDARD = "gnu++20";
				CLANG_ENABLE_MODULES = YES;
				CLANG_ENABLE_OBJC_ARC = YES;
				CLANG_ENABLE_OBJC_WEAK = YES;
				CLANG_WARN_BLOCK_CAPTURE_AUTORELEASING = YES;
				CLANG_WARN_BOOL_CONVERSION = YES;
				CLANG_WARN_COMMA = YES;
				CLANG_WARN_CONSTANT_CONVERSION = YES;
				CLANG_WARN_DEPRECATED_OBJC_IMPLEMENTATIONS = YES;
				CLANG_WARN_DIRECT_OBJC_ISA_USAGE = YES_ERROR;
				CLANG_WARN_DOCUMENTATION_COMMENTS = YES;
				CLANG_WARN_EMPTY_BODY = YES;
				CLANG_WARN_ENUM_CONVERSION = YES;
				CLANG_WARN_INFINITE_RECURSION = YES;
				CLANG_WARN_INT_CONVERSION = YES;
				CLANG_WARN_NON_LITERAL_NULL_CONVERSION = YES;
				CLANG_WARN_OBJC_IMPLICIT_RETAIN_SELF = YES;
				CLANG_WARN_OBJC_LITERAL_CONVERSION = YES;
				CLANG_WARN_OBJC_ROOT_CLASS = YES_ERROR;
				CLANG_WARN_QUOTED_INCLUDE_IN_FRAMEWORK_HEADER = YES;
				CLANG_WARN_RANGE_LOOP_ANALYSIS = YES;
				CLANG_WARN_STRICT_PROTOTYPES = YES;
				CLANG_WARN_SUSPICIOUS_MOVE = YES;
				CLANG_WARN_UNGUARDED_AVAILABILITY = YES_AGGRESSIVE;
				CLANG_WARN_UNREACHABLE_CODE = YES;
				CLANG_WARN__DUPLICATE_METHOD_MATCH = YES;
				COPY_PHASE_STRIP = NO;
				DEBUG_INFORMATION_FORMAT = "dwarf-with-dsym";
				ENABLE_NS_ASSERTIONS = NO;
				ENABLE_STRICT_OBJC_MSGSEND = YES;
				GCC_C_LANGUAGE_STANDARD = gnu11;
				GCC_NO_COMMON_BLOCKS = YES;
				GCC_WARN_64_TO_32_BIT_CONVERSION = YES;
				GCC_WARN_ABOUT_RETURN_TYPE = YES_ERROR;
				GCC_WARN_UNDECLARED_SELECTOR = YES;
				GCC_WARN_UNINITIALIZED_AUTOS = YES_AGGRESSIVE;
				GCC_WARN_UNUSED_FUNCTION = YES;
				GCC_WARN_UNUSED_VARIABLE = YES;
				IPHONEOS_DEPLOYMENT_TARGET = 16.2;
				MTL_ENABLE_DEBUG_INFO = NO;
				MTL_FAST_MATH = YES;
				SDKROOT = iphoneos;
				SWIFT_COMPILATION_MODE = wholemodule;
				SWIFT_OPTIMIZATION_LEVEL = "-O";
				VALIDATE_PRODUCT = YES;
			};
			name = Release;
		};
		5BB7DEAE29CF43F500D485AB /* Debug */ = {
			isa = XCBuildConfiguration;
			buildSettings = {
				ASSETCATALOG_COMPILER_APPICON_NAME = AppIcon;
				ASSETCATALOG_COMPILER_GLOBAL_ACCENT_COLOR_NAME = AccentColor;
				CODE_SIGN_STYLE = Automatic;
				CURRENT_PROJECT_VERSION = 1;
				DEVELOPMENT_TEAM = BMBZXVKB64;
				GENERATE_INFOPLIST_FILE = YES;
				INFOPLIST_FILE = calendar/Info.plist;
				INFOPLIST_KEY_UIApplicationSupportsIndirectInputEvents = YES;
				INFOPLIST_KEY_UILaunchStoryboardName = LaunchScreen;
				INFOPLIST_KEY_UIMainStoryboardFile = Main;
				INFOPLIST_KEY_UISupportedInterfaceOrientations = UIInterfaceOrientationPortrait;
				INFOPLIST_KEY_UISupportedInterfaceOrientations_iPad = "UIInterfaceOrientationLandscapeLeft UIInterfaceOrientationLandscapeRight UIInterfaceOrientationPortrait UIInterfaceOrientationPortraitUpsideDown";
				LD_RUNPATH_SEARCH_PATHS = (
					"$(inherited)",
					"@executable_path/Frameworks",
				);
				MARKETING_VERSION = 1.0;
				PRODUCT_BUNDLE_IDENTIFIER = com.wedlec.calendar;
				PRODUCT_NAME = "$(TARGET_NAME)";
				SWIFT_EMIT_LOC_STRINGS = YES;
				SWIFT_VERSION = 5.0;
				TARGETED_DEVICE_FAMILY = "1,2";
			};
			name = Debug;
		};
		5BB7DEAF29CF43F500D485AB /* Release */ = {
			isa = XCBuildConfiguration;
			buildSettings = {
				ASSETCATALOG_COMPILER_APPICON_NAME = AppIcon;
				ASSETCATALOG_COMPILER_GLOBAL_ACCENT_COLOR_NAME = AccentColor;
				CODE_SIGN_STYLE = Automatic;
				CURRENT_PROJECT_VERSION = 1;
				DEVELOPMENT_TEAM = BMBZXVKB64;
				GENERATE_INFOPLIST_FILE = YES;
				INFOPLIST_FILE = calendar/Info.plist;
				INFOPLIST_KEY_UIApplicationSupportsIndirectInputEvents = YES;
				INFOPLIST_KEY_UILaunchStoryboardName = LaunchScreen;
				INFOPLIST_KEY_UIMainStoryboardFile = Main;
				INFOPLIST_KEY_UISupportedInterfaceOrientations = UIInterfaceOrientationPortrait;
				INFOPLIST_KEY_UISupportedInterfaceOrientations_iPad = "UIInterfaceOrientationLandscapeLeft UIInterfaceOrientationLandscapeRight UIInterfaceOrientationPortrait UIInterfaceOrientationPortraitUpsideDown";
				LD_RUNPATH_SEARCH_PATHS = (
					"$(inherited)",
					"@executable_path/Frameworks",
				);
				MARKETING_VERSION = 1.0;
				PRODUCT_BUNDLE_IDENTIFIER = com.wedlec.calendar;
				PRODUCT_NAME = "$(TARGET_NAME)";
				SWIFT_EMIT_LOC_STRINGS = YES;
				SWIFT_VERSION = 5.0;
				TARGETED_DEVICE_FAMILY = "1,2";
			};
			name = Release;
		};
		5BB7DEB129CF43F500D485AB /* Debug */ = {
			isa = XCBuildConfiguration;
			buildSettings = {
				ALWAYS_EMBED_SWIFT_STANDARD_LIBRARIES = YES;
				BUNDLE_LOADER = "$(TEST_HOST)";
				CODE_SIGN_STYLE = Automatic;
				CURRENT_PROJECT_VERSION = 1;
				DEVELOPMENT_TEAM = BMBZXVKB64;
				GENERATE_INFOPLIST_FILE = YES;
				IPHONEOS_DEPLOYMENT_TARGET = 16.2;
				MARKETING_VERSION = 1.0;
				PRODUCT_BUNDLE_IDENTIFIER = com.wedlec.calendarTests;
				PRODUCT_NAME = "$(TARGET_NAME)";
				SWIFT_EMIT_LOC_STRINGS = NO;
				SWIFT_VERSION = 5.0;
				TARGETED_DEVICE_FAMILY = "1,2";
				TEST_HOST = "$(BUILT_PRODUCTS_DIR)/calendar.app/$(BUNDLE_EXECUTABLE_FOLDER_PATH)/calendar";
			};
			name = Debug;
		};
		5BB7DEB229CF43F500D485AB /* Release */ = {
			isa = XCBuildConfiguration;
			buildSettings = {
				ALWAYS_EMBED_SWIFT_STANDARD_LIBRARIES = YES;
				BUNDLE_LOADER = "$(TEST_HOST)";
				CODE_SIGN_STYLE = Automatic;
				CURRENT_PROJECT_VERSION = 1;
				DEVELOPMENT_TEAM = BMBZXVKB64;
				GENERATE_INFOPLIST_FILE = YES;
				IPHONEOS_DEPLOYMENT_TARGET = 16.2;
				MARKETING_VERSION = 1.0;
				PRODUCT_BUNDLE_IDENTIFIER = com.wedlec.calendarTests;
				PRODUCT_NAME = "$(TARGET_NAME)";
				SWIFT_EMIT_LOC_STRINGS = NO;
				SWIFT_VERSION = 5.0;
				TARGETED_DEVICE_FAMILY = "1,2";
				TEST_HOST = "$(BUILT_PRODUCTS_DIR)/calendar.app/$(BUNDLE_EXECUTABLE_FOLDER_PATH)/calendar";
			};
			name = Release;
		};
		5BB7DEB429CF43F500D485AB /* Debug */ = {
			isa = XCBuildConfiguration;
			buildSettings = {
				ALWAYS_EMBED_SWIFT_STANDARD_LIBRARIES = YES;
				CODE_SIGN_STYLE = Automatic;
				CURRENT_PROJECT_VERSION = 1;
				DEVELOPMENT_TEAM = BMBZXVKB64;
				GENERATE_INFOPLIST_FILE = YES;
				MARKETING_VERSION = 1.0;
				PRODUCT_BUNDLE_IDENTIFIER = com.wedlec.calendarUITests;
				PRODUCT_NAME = "$(TARGET_NAME)";
				SWIFT_EMIT_LOC_STRINGS = NO;
				SWIFT_VERSION = 5.0;
				TARGETED_DEVICE_FAMILY = "1,2";
				TEST_TARGET_NAME = calendar;
			};
			name = Debug;
		};
		5BB7DEB529CF43F500D485AB /* Release */ = {
			isa = XCBuildConfiguration;
			buildSettings = {
				ALWAYS_EMBED_SWIFT_STANDARD_LIBRARIES = YES;
				CODE_SIGN_STYLE = Automatic;
				CURRENT_PROJECT_VERSION = 1;
				DEVELOPMENT_TEAM = BMBZXVKB64;
				GENERATE_INFOPLIST_FILE = YES;
				MARKETING_VERSION = 1.0;
				PRODUCT_BUNDLE_IDENTIFIER = com.wedlec.calendarUITests;
				PRODUCT_NAME = "$(TARGET_NAME)";
				SWIFT_EMIT_LOC_STRINGS = NO;
				SWIFT_VERSION = 5.0;
				TARGETED_DEVICE_FAMILY = "1,2";
				TEST_TARGET_NAME = calendar;
			};
			name = Release;
		};
/* End XCBuildConfiguration section */

/* Begin XCConfigurationList section */
		5BB7DE7E29CF43F300D485AB /* Build configuration list for PBXProject "calendar" */ = {
			isa = XCConfigurationList;
			buildConfigurations = (
				5BB7DEAB29CF43F500D485AB /* Debug */,
				5BB7DEAC29CF43F500D485AB /* Release */,
			);
			defaultConfigurationIsVisible = 0;
			defaultConfigurationName = Release;
		};
		5BB7DEAD29CF43F500D485AB /* Build configuration list for PBXNativeTarget "calendar" */ = {
			isa = XCConfigurationList;
			buildConfigurations = (
				5BB7DEAE29CF43F500D485AB /* Debug */,
				5BB7DEAF29CF43F500D485AB /* Release */,
			);
			defaultConfigurationIsVisible = 0;
			defaultConfigurationName = Release;
		};
		5BB7DEB029CF43F500D485AB /* Build configuration list for PBXNativeTarget "calendarTests" */ = {
			isa = XCConfigurationList;
			buildConfigurations = (
				5BB7DEB129CF43F500D485AB /* Debug */,
				5BB7DEB229CF43F500D485AB /* Release */,
			);
			defaultConfigurationIsVisible = 0;
			defaultConfigurationName = Release;
		};
		5BB7DEB329CF43F500D485AB /* Build configuration list for PBXNativeTarget "calendarUITests" */ = {
			isa = XCConfigurationList;
			buildConfigurations = (
				5BB7DEB429CF43F500D485AB /* Debug */,
				5BB7DEB529CF43F500D485AB /* Release */,
			);
			defaultConfigurationIsVisible = 0;
			defaultConfigurationName = Release;
		};
/* End XCConfigurationList section */
	};
	rootObject = 5BB7DE7B29CF43F300D485AB /* Project object */;
}
